
Microsoft Visual Studio Solution File, Format Version 12.00
# Visual Studio Version 17
VisualStudioVersion = 17.10.34928.147
MinimumVisualStudioVersion = 10.0.40219.1
Project("{2150E333-8FDC-42A3-9474-1A3956D46DE8}") = "Solution Items", "Solution Items", "{40BDA62B-F5EB-4A81-ABDF-3C0C661F3AF9}"
	ProjectSection(SolutionItems) = preProject
		Directory.Build.props = Directory.Build.props
		ReadMe.md = ReadMe.md
	EndProjectSection
EndProject
Project("{9A19103F-16F7-4668-BE54-9A1E7A4F7556}") = "Defaults", "Defaults\Defaults.csproj", "{E0131E75-2B2A-443F-9DBE-EB9B44460069}"
EndProject
Project("{9A19103F-16F7-4668-BE54-9A1E7A4F7556}") = "MappingAndEqualityDemo", "MappingAndEqualityDemo\MappingAndEqualityDemo.csproj", "{96940ACD-A03B-4C79-BD58-89C0B3006BC9}"
EndProject
Project("{2150E333-8FDC-42A3-9474-1A3956D46DE8}") = "01 - Mapping And Equality", "01 - Mapping And Equality", "{0A73C6EA-8D84-446F-A93A-CBDF59CF8FA7}"
EndProject
Project("{2150E333-8FDC-42A3-9474-1A3956D46DE8}") = "07 - Domain Types", "07 - Domain Types", "{5BA4D03F-CBCB-4A3D-9706-6FA2B0CA5B1F}"
EndProject
Project("{9A19103F-16F7-4668-BE54-9A1E7A4F7556}") = "VogenDemo", "VogenDemo\VogenDemo.csproj", "{A3D4259D-CA39-4D99-8B63-C0E6FE38CDC7}"
EndProject
Project("{9A19103F-16F7-4668-BE54-9A1E7A4F7556}") = "VogenTests", "VogenTests\VogenTests.csproj", "{2832F09E-4916-4095-8033-81F230FC0A98}"
EndProject
Project("{9A19103F-16F7-4668-BE54-9A1E7A4F7556}") = "EqualityTests", "EqualityTests\EqualityTests.csproj", "{08C8CF6B-88D8-4A5C-95D8-ACEF8D5942CC}"
EndProject
Project("{2150E333-8FDC-42A3-9474-1A3956D46DE8}") = "02 - Optimization", "02 - Optimization", "{DB31B7E7-49C4-4592-93DA-89E9837B1D66}"
EndProject
Project("{9A19103F-16F7-4668-BE54-9A1E7A4F7556}") = "JsonGeneratorDemo", "JsonGeneratorDemo\JsonGeneratorDemo.csproj", "{3625F18E-4119-4559-8194-E05DCF8000E6}"
EndProject
Project("{9A19103F-16F7-4668-BE54-9A1E7A4F7556}") = "RegexGeneratorDemo", "RegexGeneratorDemo\RegexGeneratorDemo.csproj", "{94F00162-4F31-4853-A010-337734A8969B}"
EndProject
Project("{9A19103F-16F7-4668-BE54-9A1E7A4F7556}") = "HighPerfLoggingDemo", "HighPerfLoggingDemo\HighPerfLoggingDemo.csproj", "{AA026014-45A0-4947-9E61-0488C5F91E64}"
EndProject
Project("{9A19103F-16F7-4668-BE54-9A1E7A4F7556}") = "JsonGeneratorBenchmark", "JsonGeneratorBenchmark\JsonGeneratorBenchmark.csproj", "{7F324904-BEFE-4C48-AA4E-D731C4BE5866}"
EndProject
Project("{2150E333-8FDC-42A3-9474-1A3956D46DE8}") = "CSV", "CSV", "{D9F681E0-38ED-40B2-BC30-0615BAC36E7B}"
EndProject
Project("{FAE04EC0-301F-11D3-BF4B-00C04F79EFBC}") = "CsvClientGeneration", "CsvClientGeneration\CsvClientGeneration.csproj", "{EF91E6F4-0F4B-4DD8-9A5E-4D74DBB066FC}"
EndProject
Global
	GlobalSection(SolutionConfigurationPlatforms) = preSolution
		Debug|Any CPU = Debug|Any CPU
		Release|Any CPU = Release|Any CPU
	EndGlobalSection
	GlobalSection(ProjectConfigurationPlatforms) = postSolution
		{E0131E75-2B2A-443F-9DBE-EB9B44460069}.Debug|Any CPU.ActiveCfg = Debug|Any CPU
		{E0131E75-2B2A-443F-9DBE-EB9B44460069}.Debug|Any CPU.Build.0 = Debug|Any CPU
		{E0131E75-2B2A-443F-9DBE-EB9B44460069}.Release|Any CPU.ActiveCfg = Release|Any CPU
		{E0131E75-2B2A-443F-9DBE-EB9B44460069}.Release|Any CPU.Build.0 = Release|Any CPU
		{96940ACD-A03B-4C79-BD58-89C0B3006BC9}.Debug|Any CPU.ActiveCfg = Debug|Any CPU
		{96940ACD-A03B-4C79-BD58-89C0B3006BC9}.Debug|Any CPU.Build.0 = Debug|Any CPU
		{96940ACD-A03B-4C79-BD58-89C0B3006BC9}.Release|Any CPU.ActiveCfg = Release|Any CPU
		{96940ACD-A03B-4C79-BD58-89C0B3006BC9}.Release|Any CPU.Build.0 = Release|Any CPU
		{A3D4259D-CA39-4D99-8B63-C0E6FE38CDC7}.Debug|Any CPU.ActiveCfg = Debug|Any CPU
		{A3D4259D-CA39-4D99-8B63-C0E6FE38CDC7}.Debug|Any CPU.Build.0 = Debug|Any CPU
		{A3D4259D-CA39-4D99-8B63-C0E6FE38CDC7}.Release|Any CPU.ActiveCfg = Release|Any CPU
		{A3D4259D-CA39-4D99-8B63-C0E6FE38CDC7}.Release|Any CPU.Build.0 = Release|Any CPU
		{2832F09E-4916-4095-8033-81F230FC0A98}.Debug|Any CPU.ActiveCfg = Debug|Any CPU
		{2832F09E-4916-4095-8033-81F230FC0A98}.Debug|Any CPU.Build.0 = Debug|Any CPU
		{2832F09E-4916-4095-8033-81F230FC0A98}.Release|Any CPU.ActiveCfg = Release|Any CPU
		{2832F09E-4916-4095-8033-81F230FC0A98}.Release|Any CPU.Build.0 = Release|Any CPU
		{08C8CF6B-88D8-4A5C-95D8-ACEF8D5942CC}.Debug|Any CPU.ActiveCfg = Debug|Any CPU
		{08C8CF6B-88D8-4A5C-95D8-ACEF8D5942CC}.Debug|Any CPU.Build.0 = Debug|Any CPU
		{08C8CF6B-88D8-4A5C-95D8-ACEF8D5942CC}.Release|Any CPU.ActiveCfg = Release|Any CPU
		{08C8CF6B-88D8-4A5C-95D8-ACEF8D5942CC}.Release|Any CPU.Build.0 = Release|Any CPU
		{3625F18E-4119-4559-8194-E05DCF8000E6}.Debug|Any CPU.ActiveCfg = Debug|Any CPU
		{3625F18E-4119-4559-8194-E05DCF8000E6}.Debug|Any CPU.Build.0 = Debug|Any CPU
		{3625F18E-4119-4559-8194-E05DCF8000E6}.Release|Any CPU.ActiveCfg = Release|Any CPU
		{3625F18E-4119-4559-8194-E05DCF8000E6}.Release|Any CPU.Build.0 = Release|Any CPU
		{94F00162-4F31-4853-A010-337734A8969B}.Debug|Any CPU.ActiveCfg = Debug|Any CPU
		{94F00162-4F31-4853-A010-337734A8969B}.Debug|Any CPU.Build.0 = Debug|Any CPU
		{94F00162-4F31-4853-A010-337734A8969B}.Release|Any CPU.ActiveCfg = Release|Any CPU
		{94F00162-4F31-4853-A010-337734A8969B}.Release|Any CPU.Build.0 = Release|Any CPU
		{AA026014-45A0-4947-9E61-0488C5F91E64}.Debug|Any CPU.ActiveCfg = Debug|Any CPU
		{AA026014-45A0-4947-9E61-0488C5F91E64}.Debug|Any CPU.Build.0 = Debug|Any CPU
		{AA026014-45A0-4947-9E61-0488C5F91E64}.Release|Any CPU.ActiveCfg = Release|Any CPU
		{AA026014-45A0-4947-9E61-0488C5F91E64}.Release|Any CPU.Build.0 = Release|Any CPU
		{7F324904-BEFE-4C48-AA4E-D731C4BE5866}.Debug|Any CPU.ActiveCfg = Debug|Any CPU
		{7F324904-BEFE-4C48-AA4E-D731C4BE5866}.Debug|Any CPU.Build.0 = Debug|Any CPU
		{7F324904-BEFE-4C48-AA4E-D731C4BE5866}.Release|Any CPU.ActiveCfg = Release|Any CPU
		{7F324904-BEFE-4C48-AA4E-D731C4BE5866}.Release|Any CPU.Build.0 = Release|Any CPU
		{EF91E6F4-0F4B-4DD8-9A5E-4D74DBB066FC}.Debug|Any CPU.ActiveCfg = Debug|Any CPU
		{EF91E6F4-0F4B-4DD8-9A5E-4D74DBB066FC}.Debug|Any CPU.Build.0 = Debug|Any CPU
		{EF91E6F4-0F4B-4DD8-9A5E-4D74DBB066FC}.Release|Any CPU.ActiveCfg = Release|Any CPU
		{EF91E6F4-0F4B-4DD8-9A5E-4D74DBB066FC}.Release|Any CPU.Build.0 = Release|Any CPU
	EndGlobalSection
	GlobalSection(SolutionProperties) = preSolution
		HideSolutionNode = FALSE
	EndGlobalSection
	GlobalSection(NestedProjects) = preSolution
		{96940ACD-A03B-4C79-BD58-89C0B3006BC9} = {0A73C6EA-8D84-446F-A93A-CBDF59CF8FA7}
		{A3D4259D-CA39-4D99-8B63-C0E6FE38CDC7} = {5BA4D03F-CBCB-4A3D-9706-6FA2B0CA5B1F}
		{2832F09E-4916-4095-8033-81F230FC0A98} = {5BA4D03F-CBCB-4A3D-9706-6FA2B0CA5B1F}
		{08C8CF6B-88D8-4A5C-95D8-ACEF8D5942CC} = {0A73C6EA-8D84-446F-A93A-CBDF59CF8FA7}
		{3625F18E-4119-4559-8194-E05DCF8000E6} = {DB31B7E7-49C4-4592-93DA-89E9837B1D66}
		{94F00162-4F31-4853-A010-337734A8969B} = {DB31B7E7-49C4-4592-93DA-89E9837B1D66}
		{AA026014-45A0-4947-9E61-0488C5F91E64} = {DB31B7E7-49C4-4592-93DA-89E9837B1D66}
		{7F324904-BEFE-4C48-AA4E-D731C4BE5866} = {DB31B7E7-49C4-4592-93DA-89E9837B1D66}
		{EF91E6F4-0F4B-4DD8-9A5E-4D74DBB066FC} = {D9F681E0-38ED-40B2-BC30-0615BAC36E7B}
	EndGlobalSection
	GlobalSection(ExtensibilityGlobals) = postSolution
		SolutionGuid = {AB675151-EAFC-46AB-94EB-A411B492CC90}
	EndGlobalSection
EndGlobal
